
Microsoft Visual Studio Solution File, Format Version 12.00
# Visual Studio Version 16
VisualStudioVersion = 16.0.32228.343
MinimumVisualStudioVersion = 10.0.40219.1
Project("{FAE04EC0-301F-11D3-BF4B-00C04F79EFBC}") = "RichText", "RichText\RichText.csproj", "{0E96E0D9-7DF2-4D5D-AC92-178FA8EB5CD7}"
EndProject
Global
	GlobalSection(SolutionConfigurationPlatforms) = preSolution
		Debug|Any CPU = Debug|Any CPU
		Release|Any CPU = Release|Any CPU
	EndGlobalSection
	GlobalSection(ProjectConfigurationPlatforms) = postSolution
		{0E96E0D9-7DF2-4D5D-AC92-178FA8EB5CD7}.Debug|Any CPU.ActiveCfg = Debug|Any CPU
		{0E96E0D9-7DF2-4D5D-AC92-178FA8EB5CD7}.Debug|Any CPU.Build.0 = Debug|Any CPU
		{0E96E0D9-7DF2-4D5D-AC92-178FA8EB5CD7}.Release|Any CPU.ActiveCfg = Release|Any CPU
		{0E96E0D9-7DF2-4D5D-AC92-178FA8EB5CD7}.Release|Any CPU.Build.0 = Release|Any CPU
	EndGlobalSection
	GlobalSection(SolutionProperties) = preSolution
		HideSolutionNode = FALSE
	EndGlobalSection
	GlobalSection(ExtensibilityGlobals) = postSolution
		SolutionGuid = {FEF8A7FA-F988-46B2-B491-7F43BA9AFE57}
	EndGlobalSection
EndGlobal
